<?xml version="1.0" encoding="utf-8"?>
<Project ToolsVersion="4.0" xmlns="http://schemas.microsoft.com/developer/msbuild/2003">
  <ItemGroup>
    <Filter Include="Source Files">
      <UniqueIdentifier>{4FC737F1-C7A5-4376-A066-2A32D752A2FF}</UniqueIdentifier>
      <Extensions>cpp;c;cc;cxx;def;odl;idl;hpj;bat;asm;asmx</Extensions>
    </Filter>
    <Filter Include="Header Files">
      <UniqueIdentifier>{93995380-89BD-4b04-88EB-625FBE52EBFB}</UniqueIdentifier>
      <Extensions>h;hh;hpp;hxx;hm;inl;inc;ipp;xsd</Extensions>
    </Filter>
    <Filter Include="Resource Files">
      <UniqueIdentifier>{67DA6AB6-F800-4c08-8B7A-83BB121AAD01}</UniqueIdentifier>
      <Extensions>rc;ico;cur;bmp;dlg;rc2;rct;bin;rgs;gif;jpg;jpeg;jpe;resx;tiff;tif;png;wav;mfcribbon-ms</Extensions>
    </Filter>
    <Filter Include="Source Files\GLSL Txt files">
      <UniqueIdentifier>{79fd00cb-d07a-40c9-a4a3-3b7bd87f6e52}</UniqueIdentifier>
    </Filter>
    <Filter Include="Source Files\Glad">
      <UniqueIdentifier>{67d14d21-189d-4566-87aa-142d7818ba98}</UniqueIdentifier>
    </Filter>
    <Filter Include="Source Files\GLSL Txt files\Fragment">
      <UniqueIdentifier>{8fe13200-aea3-4502-87d4-28355fb052bb}</UniqueIdentifier>
    </Filter>
    <Filter Include="Source Files\GLSL Txt files\Vertex">
      <UniqueIdentifier>{b7ac2b36-7930-4d46-83a2-7c7c620c885b}</UniqueIdentifier>
    </Filter>
  </ItemGroup>
  <ItemGroup>
    <ClCompile Include="Main.cpp">
      <Filter>Source Files</Filter>
    </ClCompile>
    <ClCompile Include="..\src\glad.c">
      <Filter>Source Files\Glad</Filter>
    </ClCompile>
    <ClCompile Include="Source.cpp">
      <Filter>Source Files</Filter>
    </ClCompile>
  </ItemGroup>
  <ItemGroup>
    <Text Include="FragLight.txt">
      <Filter>Source Files\GLSL Txt files\Fragment</Filter>
    </Text>
    <Text Include="Frag.txt">
      <Filter>Source Files\GLSL Txt files\Fragment</Filter>
    </Text>
    <Text Include="FragLightother.txt">
      <Filter>Source Files\GLSL Txt files\Fragment</Filter>
    </Text>
    <Text Include="Vertex.txt">
      <Filter>Source Files\GLSL Txt files\Vertex</Filter>
    </Text>
    <Text Include="VertexLight.txt">
      <Filter>Source Files\GLSL Txt files\Vertex</Filter>
    </Text>
    <Text Include="VertexLightother.txt">
      <Filter>Source Files\GLSL Txt files\Vertex</Filter>
    </Text>
  </ItemGroup>
  <ItemGroup>
    <ClInclude Include="Shader.h">
      <Filter>Header Files</Filter>
    </ClInclude>
    <ClInclude Include="stb_image.h">
      <Filter>Header Files</Filter>
    </ClInclude>
  </ItemGroup>
</Project>